{
    "_readme": [
        "This file locks the dependencies of your project to a known state",
        "Read more about it at https://getcomposer.org/doc/01-basic-usage.md#composer-lock-the-lock-file",
        "This file is @generated automatically"
    ],
    "content-hash": "4530c235d7f866c522056349897b6697",
    "packages": [],
    "packages-dev": [
        {
            "name": "composer/installers",
            "version": "v1.6.0",
            "source": {
                "type": "git",
                "url": "https://github.com/composer/installers.git",
                "reference": "cfcca6b1b60bc4974324efb5783c13dca6932b5b"
            },
            "dist": {
                "type": "zip",
                "url": "https://api.github.com/repos/composer/installers/zipball/cfcca6b1b60bc4974324efb5783c13dca6932b5b",
                "reference": "cfcca6b1b60bc4974324efb5783c13dca6932b5b",
                "shasum": ""
            },
            "require": {
                "composer-plugin-api": "^1.0"
            },
            "replace": {
                "roundcube/plugin-installer": "*",
                "shama/baton": "*"
            },
            "require-dev": {
                "composer/composer": "1.0.*@dev",
                "phpunit/phpunit": "^4.8.36"
            },
            "type": "composer-plugin",
            "extra": {
                "class": "Composer\\Installers\\Plugin",
                "branch-alias": {
                    "dev-master": "1.0-dev"
                }
            },
            "autoload": {
                "psr-4": {
                    "Composer\\Installers\\": "src/Composer/Installers"
                }
            },
            "notification-url": "https://packagist.org/downloads/",
            "license": [
                "MIT"
            ],
            "authors": [
                {
                    "name": "Kyle Robinson Young",
                    "email": "kyle@dontkry.com",
                    "homepage": "https://github.com/shama"
                }
            ],
            "description": "A multi-framework Composer library installer",
            "homepage": "https://composer.github.io/installers/",
            "keywords": [
                "Craft",
                "Dolibarr",
                "Eliasis",
                "Hurad",
                "ImageCMS",
                "Kanboard",
                "Lan Management System",
                "MODX Evo",
                "Mautic",
                "Maya",
                "OXID",
                "Plentymarkets",
                "Porto",
                "RadPHP",
                "SMF",
                "Thelia",
                "WolfCMS",
                "agl",
                "aimeos",
                "annotatecms",
                "attogram",
                "bitrix",
                "cakephp",
                "chef",
                "cockpit",
                "codeigniter",
                "concrete5",
                "croogo",
                "dokuwiki",
                "drupal",
                "eZ Platform",
                "elgg",
                "expressionengine",
                "fuelphp",
                "grav",
                "installer",
                "itop",
                "joomla",
                "kohana",
                "laravel",
                "lavalite",
                "lithium",
                "magento",
                "majima",
                "mako",
                "mediawiki",
                "modulework",
                "modx",
                "moodle",
                "osclass",
                "phpbb",
                "piwik",
                "ppi",
                "puppet",
                "pxcms",
                "reindex",
                "roundcube",
                "shopware",
                "silverstripe",
                "sydes",
                "symfony",
                "typo3",
                "wordpress",
                "yawik",
                "zend",
                "zikula"
            ],
            "time": "2018-08-27T06:10:37+00:00"
        },
        {
            "name": "johngrogg/ics-parser",
            "version": "v2.1.11",
            "source": {
                "type": "git",
                "url": "https://github.com/u01jmg3/ics-parser.git",
                "reference": "67106b605dcd35919af5afbc86495b0d9a90d252"
            },
            "dist": {
                "type": "zip",
                "url": "https://api.github.com/repos/u01jmg3/ics-parser/zipball/67106b605dcd35919af5afbc86495b0d9a90d252",
                "reference": "67106b605dcd35919af5afbc86495b0d9a90d252",
                "shasum": ""
            },
            "require": {
                "ext-mbstring": "*",
                "nesbot/carbon": "^1.36.2 || ^2.0",
                "php": ">=5.3.9"
            },
            "require-dev": {
                "phpunit/phpunit": "^4",
                "squizlabs/php_codesniffer": "~2.9.1"
            },
            "type": "library",
            "autoload": {
                "psr-0": {
                    "ICal": "src/"
                }
            },
            "notification-url": "https://packagist.org/downloads/",
            "license": [
                "MIT"
            ],
            "authors": [
                {
                    "name": "John Grogg",
                    "email": "john.grogg@gmail.com",
                    "role": "Developer/Prior Owner"
                },
                {
                    "name": "Jonathan Goode",
                    "role": "Developer/Owner"
                }
            ],
            "description": "ICS Parser",
            "homepage": "https://github.com/u01jmg3/ics-parser",
            "keywords": [
                "iCalendar",
                "ical",
                "ical-parser",
                "ics",
                "ics-parser",
                "ifb"
            ],
            "time": "2019-04-01T19:26:51+00:00"
        },
        {
            "name": "johnpbloch/wordpress",
            "version": "5.2.2",
            "source": {
                "type": "git",
                "url": "https://github.com/johnpbloch/wordpress.git",
                "reference": "597236f0e4126ef92611b904725fd4e60afdc1ac"
            },
            "dist": {
                "type": "zip",
                "url": "https://api.github.com/repos/johnpbloch/wordpress/zipball/597236f0e4126ef92611b904725fd4e60afdc1ac",
                "reference": "597236f0e4126ef92611b904725fd4e60afdc1ac",
                "shasum": ""
            },
            "require": {
                "johnpbloch/wordpress-core": "5.2.2",
                "johnpbloch/wordpress-core-installer": "^1.0",
                "php": ">=5.3.2"
            },
            "type": "package",
            "notification-url": "https://packagist.org/downloads/",
            "license": [
                "GPL-2.0+"
            ],
            "authors": [
                {
                    "name": "WordPress Community",
                    "homepage": "http://wordpress.org/about/"
                }
            ],
            "description": "WordPress is web software you can use to create a beautiful website or blog.",
            "homepage": "http://wordpress.org/",
            "keywords": [
                "blog",
                "cms",
                "wordpress"
            ],
            "time": "2019-06-18T17:58:03+00:00"
        },
        {
            "name": "johnpbloch/wordpress-core",
            "version": "5.2.2",
            "source": {
                "type": "git",
                "url": "https://github.com/johnpbloch/wordpress-core.git",
                "reference": "bbded8adf0ddd8cafdbd6e6605e0ee82d5c1dc8a"
            },
            "dist": {
                "type": "zip",
                "url": "https://api.github.com/repos/johnpbloch/wordpress-core/zipball/bbded8adf0ddd8cafdbd6e6605e0ee82d5c1dc8a",
                "reference": "bbded8adf0ddd8cafdbd6e6605e0ee82d5c1dc8a",
                "shasum": ""
            },
            "require": {
                "php": ">=5.3.2"
            },
            "provide": {
                "wordpress/core-implementation": "5.2.2"
            },
            "type": "wordpress-core",
            "notification-url": "https://packagist.org/downloads/",
            "license": [
                "GPL-2.0-or-later"
            ],
            "authors": [
                {
                    "name": "WordPress Community",
                    "homepage": "http://wordpress.org/about/"
                }
            ],
            "description": "WordPress is open source software you can use to create a beautiful website, blog, or app.",
            "homepage": "http://wordpress.org/",
            "keywords": [
                "blog",
                "cms",
                "wordpress"
            ],
            "time": "2019-06-18T17:57:57+00:00"
        },
        {
            "name": "johnpbloch/wordpress-core-installer",
            "version": "1.0.2",
            "source": {
                "type": "git",
                "url": "https://github.com/johnpbloch/wordpress-core-installer.git",
                "reference": "fd12f5cfe27223b92b0f4bbc097059eb23cc56c4"
            },
            "dist": {
                "type": "zip",
                "url": "https://api.github.com/repos/johnpbloch/wordpress-core-installer/zipball/fd12f5cfe27223b92b0f4bbc097059eb23cc56c4",
                "reference": "fd12f5cfe27223b92b0f4bbc097059eb23cc56c4",
                "shasum": ""
            },
            "require": {
                "composer-plugin-api": "^1.0"
            },
            "conflict": {
                "composer/installers": "<1.0.6"
            },
            "require-dev": {
                "composer/composer": "^1.0",
                "phpunit/phpunit": ">=4.8.35"
            },
            "type": "composer-plugin",
            "extra": {
                "class": "johnpbloch\\Composer\\WordPressCorePlugin"
            },
            "autoload": {
                "psr-0": {
                    "johnpbloch\\Composer\\": "src/"
                }
            },
            "notification-url": "https://packagist.org/downloads/",
            "license": [
                "GPL-2.0-or-later"
            ],
            "authors": [
                {
                    "name": "John P. Bloch",
                    "email": "me@johnpbloch.com"
                }
            ],
            "description": "A custom installer to handle deploying WordPress with composer",
            "keywords": [
                "wordpress"
            ],
            "time": "2018-11-09T20:10:38+00:00"
        },
        {
            "name": "nesbot/carbon",
            "version": "2.19.2",
            "source": {
                "type": "git",
                "url": "https://github.com/briannesbitt/Carbon.git",
                "reference": "adcad3f3af52d0ad4ad7b05f43aa58243b6ca67b"
            },
            "dist": {
                "type": "zip",
                "url": "https://api.github.com/repos/briannesbitt/Carbon/zipball/adcad3f3af52d0ad4ad7b05f43aa58243b6ca67b",
                "reference": "adcad3f3af52d0ad4ad7b05f43aa58243b6ca67b",
                "shasum": ""
            },
            "require": {
                "ext-json": "*",
                "php": "^7.1.8 || ^8.0",
                "symfony/translation": "^3.4 || ^4.0"
            },
            "require-dev": {
                "friendsofphp/php-cs-fixer": "^2.14 || ^3.0",
                "kylekatarnls/multi-tester": "^1.1",
                "phpmd/phpmd": "^2.6",
                "phpstan/phpstan": "^0.11",
                "phpunit/phpunit": "^7.5 || ^8.0",
                "squizlabs/php_codesniffer": "^3.4"
            },
            "type": "library",
            "extra": {
                "laravel": {
                    "providers": [
                        "Carbon\\Laravel\\ServiceProvider"
                    ]
                }
            },
            "autoload": {
                "psr-4": {
                    "Carbon\\": "src/Carbon/"
                }
            },
            "notification-url": "https://packagist.org/downloads/",
            "license": [
                "MIT"
            ],
            "authors": [
                {
                    "name": "Brian Nesbitt",
                    "email": "brian@nesbot.com",
                    "homepage": "http://nesbot.com"
                }
            ],
            "description": "A simple API extension for DateTime.",
            "homepage": "http://carbon.nesbot.com",
            "keywords": [
                "date",
                "datetime",
                "time"
            ],
            "time": "2019-06-07T09:56:45+00:00"
        },
        {
            "name": "symfony/polyfill-mbstring",
            "version": "dev-master",
            "source": {
                "type": "git",
                "url": "https://github.com/symfony/polyfill-mbstring.git",
                "reference": "fe5e94c604826c35a32fa832f35bd036b6799609"
            },
            "dist": {
                "type": "zip",
                "url": "https://api.github.com/repos/symfony/polyfill-mbstring/zipball/fe5e94c604826c35a32fa832f35bd036b6799609",
                "reference": "fe5e94c604826c35a32fa832f35bd036b6799609",
                "shasum": ""
            },
            "require": {
                "php": ">=5.3.3"
            },
            "suggest": {
                "ext-mbstring": "For best performance"
            },
            "type": "library",
            "extra": {
                "branch-alias": {
                    "dev-master": "1.11-dev"
                }
            },
            "autoload": {
                "psr-4": {
                    "Symfony\\Polyfill\\Mbstring\\": ""
                },
                "files": [
                    "bootstrap.php"
                ]
            },
            "notification-url": "https://packagist.org/downloads/",
            "license": [
                "MIT"
            ],
            "authors": [
                {
                    "name": "Nicolas Grekas",
                    "email": "p@tchwork.com"
                },
                {
                    "name": "Symfony Community",
                    "homepage": "https://symfony.com/contributors"
                }
            ],
            "description": "Symfony polyfill for the Mbstring extension",
            "homepage": "https://symfony.com",
            "keywords": [
                "compatibility",
                "mbstring",
                "polyfill",
                "portable",
                "shim"
            ],
            "time": "2019-02-06T07:57:58+00:00"
        },
        {
            "name": "symfony/translation",
            "version": "4.4.x-dev",
            "source": {
                "type": "git",
                "url": "https://github.com/symfony/translation.git",
                "reference": "43dc8460dc5ba5543927309177075e43db51778d"
            },
            "dist": {
                "type": "zip",
                "url": "https://api.github.com/repos/symfony/translation/zipball/43dc8460dc5ba5543927309177075e43db51778d",
                "reference": "43dc8460dc5ba5543927309177075e43db51778d",
                "shasum": ""
            },
            "require": {
                "php": "^7.1.3",
                "symfony/polyfill-mbstring": "~1.0",
                "symfony/translation-contracts": "^1.1.2"
            },
            "conflict": {
                "symfony/config": "<3.4",
                "symfony/dependency-injection": "<3.4",
                "symfony/yaml": "<3.4"
            },
            "provide": {
                "symfony/translation-implementation": "1.0"
            },
            "require-dev": {
                "psr/log": "~1.0",
                "symfony/config": "^3.4|^4.0|^5.0",
                "symfony/console": "^3.4|^4.0|^5.0",
                "symfony/dependency-injection": "^3.4|^4.0|^5.0",
                "symfony/finder": "~2.8|~3.0|~4.0|^5.0",
                "symfony/http-kernel": "^3.4|^4.0|^5.0",
                "symfony/intl": "^3.4|^4.0|^5.0",
                "symfony/service-contracts": "^1.1.2",
                "symfony/var-dumper": "^3.4|^4.0|^5.0",
                "symfony/yaml": "^3.4|^4.0|^5.0"
            },
            "suggest": {
                "psr/log-implementation": "To use logging capability in translator",
                "symfony/config": "",
                "symfony/yaml": ""
            },
            "type": "library",
            "extra": {
                "branch-alias": {
                    "dev-master": "4.4-dev"
                }
            },
            "autoload": {
                "psr-4": {
                    "Symfony\\Component\\Translation\\": ""
                },
                "exclude-from-classmap": [
                    "/Tests/"
                ]
            },
            "notification-url": "https://packagist.org/downloads/",
            "license": [
                "MIT"
            ],
            "authors": [
                {
                    "name": "Fabien Potencier",
                    "email": "fabien@symfony.com"
                },
                {
                    "name": "Symfony Community",
                    "homepage": "https://symfony.com/contributors"
                }
            ],
            "description": "Symfony Translation Component",
            "homepage": "https://symfony.com",
            "time": "2019-06-13T11:05:05+00:00"
        },
        {
            "name": "symfony/translation-contracts",
            "version": "dev-master",
            "source": {
                "type": "git",
                "url": "https://github.com/symfony/translation-contracts.git",
                "reference": "cb4b18ad7b92a26e83b65dde940fab78339e6f3c"
            },
            "dist": {
                "type": "zip",
                "url": "https://api.github.com/repos/symfony/translation-contracts/zipball/cb4b18ad7b92a26e83b65dde940fab78339e6f3c",
                "reference": "cb4b18ad7b92a26e83b65dde940fab78339e6f3c",
                "shasum": ""
            },
            "require": {
                "php": "^7.1.3"
            },
            "suggest": {
                "symfony/translation-implementation": ""
            },
            "type": "library",
            "extra": {
                "branch-alias": {
                    "dev-master": "1.1-dev"
                }
            },
            "autoload": {
                "psr-4": {
                    "Symfony\\Contracts\\Translation\\": ""
                }
            },
            "notification-url": "https://packagist.org/downloads/",
            "license": [
                "MIT"
            ],
            "authors": [
                {
                    "name": "Nicolas Grekas",
                    "email": "p@tchwork.com"
                },
                {
                    "name": "Symfony Community",
                    "homepage": "https://symfony.com/contributors"
                }
            ],
            "description": "Generic abstractions related to translation",
            "homepage": "https://symfony.com",
            "keywords": [
                "abstractions",
                "contracts",
                "decoupling",
                "interfaces",
                "interoperability",
                "standards"
            ],
            "time": "2019-06-13T11:15:36+00:00"
        },
        {
            "name": "ucomm/bb-plugin",
            "version": "dev-master",
            "source": {
                "type": "git",
                "url": "git@bitbucket.org:ucomm/bb-plugin.git",
                "reference": "e42be55e2a6a6c28d17c6627259f4776db52ebcf"
            },
            "archive": {
                "exclude": [
                    ".*",
                    "*.yml",
                    "!.gitignore",
                    "node_modules/",
                    "vendor/bin/*",
                    "vendor/composer/*",
                    "vendor/johnpbloch/*",
                    "vendor/autoload.php",
                    "www/",
                    "composer.*"
                ]
            },
            "require-dev": {
                "composer/installers": "~1.0",
                "johnpbloch/wordpress": "@stable",
                "ucomm/bb-theme": "*",
                "ucomm/castor": "dev-master",
                "ucomm/uc-foi-database": "*",
                "ucomm/uconn-today-plugin": "~1.0",
                "wpackagist-plugin/advanced-custom-fields": "*",
                "wpackagist-plugin/wordpress-importer": "dev-trunk",
                "wpackagist-theme/twentyseventeen": "1"
            },
            "type": "wordpress-plugin",
            "extra": {
                "installer-paths": {
                    "./www/content/plugins/{$name}": [
                        "type:wordpress-plugin"
                    ],
                    "./www/content/themes/{$name}": [
                        "type:wordpress-theme"
                    ]
                }
            },
            "scripts": {
                "build": [
                    "composer install --no-dev",
                    "yarn install --non-interactive",
                    "gulp"
                ],
                "run-builds": [
                    "find . -maxdepth 1 -type d \\( ! -name . \\) -exec bash -c \"cd '{}' && pwd\" \\;"
                ],
                "post-install-cmd": [
                    "cd www/content/plugins && find . -maxdepth 1 -type d \\( ! -name . \\) -exec bash -c \"cd '{}' && composer run-script build\" \\;",
                    "cd www/content/themes  && find . -maxdepth 1 -type d \\( ! -name . \\) -exec bash -c \"cd '{}' && composer run-script build\" \\;"
                ],
                "post-update-cmd": [
                    "cd www/content/plugins && find . -maxdepth 1 -type d \\( ! -name . \\) -exec bash -c \"cd '{}' && composer run-script build\" \\;",
                    "cd www/content/themes  && find . -maxdepth 1 -type d \\( ! -name . \\) -exec bash -c \"cd '{}' && composer run-script build\" \\;"
                ]
            },
            "authors": [
                {
                    "name": "Brian Daley",
                    "email": "brian@uconn.edu"
                }
            ],
            "description": "The beaver builder plugin required to use beaver builder modules in WordPress.",
            "time": "2019-05-13T14:02:43+00:00"
        },
        {
            "name": "ucomm/castor",
            "version": "dev-master",
            "source": {
                "type": "git",
                "url": "git@bitbucket.org:ucomm/castor.git",
                "reference": "ab6393a971cb730727c69fc2e99ab891705647b4"
            },
            "archive": {
                "exclude": [
                    "!vendor/*",
                    "!.gitignore",
                    ".*",
                    "*.json",
                    "*.lock",
                    "*.yml",
                    "node_modules/",
                    "www/"
                ]
            },
            "require": {
                "johngrogg/ics-parser": "^2",
                "ucomm/uconnhealth-provider-sdk": "~1.0.3"
            },
            "require-dev": {
                "composer/installers": "~1.0",
                "johnpbloch/wordpress": "4.9.8",
                "ucomm/bb-plugin": "dev-master",
                "ucomm/bb-theme": "dev-master",
                "ucomm/napier": "*",
                "ucomm/uconn-health-clinical": "dev-develop",
                "ucomm/uconn-today-plugin": "dev-develop",
                "wpackagist-plugin/advanced-custom-fields": "*",
                "wpackagist-plugin/wordpress-seo": "*",
                "wpackagist-theme/twentyseventeen": "1"
            },
            "type": "wordpress-plugin",
            "extra": {
                "installer-paths": {
                    "./www/content/plugins/{$name}": [
                        "type:wordpress-plugin"
                    ],
                    "./www/content/themes/{$name}": [
                        "type:wordpress-theme"
                    ]
                },
                "wordpress-install-dir": "./www/wordpress"
            },
            "scripts": {
                "build": [
                    "composer install --no-dev --optimize-autoloader || exit 1"
                ],
                "run-builds": [
                    "find . -maxdepth 1 -type d \\( ! -name . \\) -exec bash -c \"cd '{}' && pwd\" \\;"
                ],
                "post-update-cmd": [
                    "cd www/content/plugins && find . -maxdepth 1 -type d \\( ! -name . \\) -exec bash -c \"cd '{}' && composer run-script build\" \\;",
                    "cd www/content/themes  && find . -maxdepth 1 -type d \\( ! -name . \\) -exec bash -c \"cd '{}' && composer run-script build\" \\;"
                ]
            },
            "authors": [
                {
                    "name": "Brian Kelleher",
                    "email": "bk@uconn.edu"
                }
            ],
            "description": "A Beaver Builder module pack by UComm.",
            "time": "2019-05-24T16:58:24+00:00"
        },
        {
            "name": "ucomm/uconnhealth-provider-sdk",
            "version": "1.0.12",
            "source": {
                "type": "git",
                "url": "git@bitbucket.org:ucomm/uconnhealth-provider-sdk.git",
                "reference": "a2fe8e54b68fb0946896ac0a27ba10a1e72b4582"
            },
            "require-dev": {
                "johnpbloch/wordpress": "^5.2"
            },
            "type": "library",
            "extra": {
                "installer-paths": {
                    "./www/content/plugins/{$name}": [
                        "type:wordpress-plugin"
                    ],
                    "./www/content/themes/{$name}": [
                        "type:wordpress-theme"
                    ]
                },
                "wordpress-install-dir": "./www/wordpress"
            },
            "autoload": {
                "psr-4": {
                    "UConnHealth\\": "src/"
                }
            },
            "license": [
                "UNLICENSED"
            ],
            "authors": [
                {
                    "name": "Brian Kelleher",
                    "email": "brian.kelleher@uconn.edu"
                },
                {
                    "name": "Adam Berkowitz",
                    "email": "adam.berkowitz@uconn.edu"
                }
            ],
            "description": "A library for interfacing with the Physician Provider API at UConn Health.",
            "time": "2019-06-11T19:05:10+00:00"
        },
        {
            "name": "wpackagist-plugin/query-monitor",
            "version": "3.3.6",
            "source": {
                "type": "svn",
                "url": "https://plugins.svn.wordpress.org/query-monitor/",
                "reference": "tags/3.3.6"
            },
            "dist": {
                "type": "zip",
                "url": "https://downloads.wordpress.org/plugin/query-monitor.3.3.6.zip",
                "reference": null,
                "shasum": null
            },
            "require": {
                "composer/installers": "~1.0"
            },
            "type": "wordpress-plugin",
            "homepage": "https://wordpress.org/plugins/query-monitor/"
        },
        {
            "name": "wpackagist-plugin/regenerate-thumbnails",
            "version": "dev-trunk",
            "source": {
                "type": "svn",
                "url": "https://plugins.svn.wordpress.org/regenerate-thumbnails/",
                "reference": "trunk"
            },
            "dist": {
                "type": "zip",
                "url": "https://downloads.wordpress.org/plugin/regenerate-thumbnails.zip?timestamp=1559739047",
                "reference": null,
                "shasum": null
            },
            "require": {
                "composer/installers": "~1.0"
            },
            "type": "wordpress-plugin",
            "homepage": "https://wordpress.org/plugins/regenerate-thumbnails/",
            "time": "2019-06-05T12:50:47+00:00"
        },
        {
            "name": "wpackagist-plugin/wordpress-importer",
            "version": "dev-trunk",
            "source": {
                "type": "svn",
                "url": "https://plugins.svn.wordpress.org/wordpress-importer/",
                "reference": "trunk"
            },
            "dist": {
                "type": "zip",
                "url": "https://downloads.wordpress.org/plugin/wordpress-importer.zip?timestamp=1557211217",
                "reference": null,
                "shasum": null
            },
            "require": {
                "composer/installers": "~1.0"
            },
            "type": "wordpress-plugin",
            "homepage": "https://wordpress.org/plugins/wordpress-importer/",
            "time": "2019-05-07T06:40:17+00:00"
        },
        {
            "name": "wpackagist-theme/twentynineteen",
            "version": "1.4",
            "source": {
                "type": "svn",
                "url": "https://themes.svn.wordpress.org/twentynineteen/",
                "reference": "1.4"
            },
            "dist": {
                "type": "zip",
                "url": "https://downloads.wordpress.org/theme/twentynineteen.1.4.zip",
                "reference": null,
                "shasum": null
            },
            "require": {
                "composer/installers": "~1.0"
            },
            "type": "wordpress-theme",
            "homepage": "https://wordpress.org/themes/twentynineteen/"
        },
        {
            "name": "wpackagist-theme/twentyseventeen",
            "version": "1.6",
            "source": {
                "type": "svn",
                "url": "https://themes.svn.wordpress.org/twentyseventeen/",
                "reference": "1.6"
            },
            "dist": {
                "type": "zip",
                "url": "https://downloads.wordpress.org/theme/twentyseventeen.1.6.zip",
                "reference": null,
                "shasum": null
            },
            "require": {
                "composer/installers": "~1.0"
            },
            "type": "wordpress-theme",
            "homepage": "https://wordpress.org/themes/twentyseventeen/"
        }
    ],
    "aliases": [],
    "minimum-stability": "dev",
    "stability-flags": {
        "johnpbloch/wordpress": 0,
        "ucomm/bb-plugin": 20,
        "ucomm/castor": 20,
        "wpackagist-plugin/regenerate-thumbnails": 20
    },
    "prefer-stable": false,
    "prefer-lowest": false,
    "platform": [],
    "platform-dev": []
}
